
Microsoft Visual Studio Solution File, Format Version 11.00
# Visual Studio 2010
Project("{FAE04EC0-301F-11D3-BF4B-00C04F79EFBC}") = "My_Dream_2D", "Assembly-CSharp.csproj", "{A1BC61D0-AC61-5CB4-58E7-ADC703CE8783}"
EndProject
Project("{FAE04EC0-301F-11D3-BF4B-00C04F79EFBC}") = "My_Dream_2D", "Assembly-CSharp-Editor.csproj", "{6DC0B147-5369-6E6B-0D35-AB40B17A13FA}"
EndProject
Global
	GlobalSection(SolutionConfigurationPlatforms) = preSolution
		Debug|Any CPU = Debug|Any CPU
		Release|Any CPU = Release|Any CPU
	EndGlobalSection
	GlobalSection(ProjectConfigurationPlatforms) = postSolution
		{A1BC61D0-AC61-5CB4-58E7-ADC703CE8783}.Debug|Any CPU.ActiveCfg = Debug|Any CPU
		{A1BC61D0-AC61-5CB4-58E7-ADC703CE8783}.Debug|Any CPU.Build.0 = Debug|Any CPU
		{A1BC61D0-AC61-5CB4-58E7-ADC703CE8783}.Release|Any CPU.ActiveCfg = Release|Any CPU
		{A1BC61D0-AC61-5CB4-58E7-ADC703CE8783}.Release|Any CPU.Build.0 = Release|Any CPU
		{6DC0B147-5369-6E6B-0D35-AB40B17A13FA}.Debug|Any CPU.ActiveCfg = Debug|Any CPU
		{6DC0B147-5369-6E6B-0D35-AB40B17A13FA}.Debug|Any CPU.Build.0 = Debug|Any CPU
		{6DC0B147-5369-6E6B-0D35-AB40B17A13FA}.Release|Any CPU.ActiveCfg = Release|Any CPU
		{6DC0B147-5369-6E6B-0D35-AB40B17A13FA}.Release|Any CPU.Build.0 = Release|Any CPU
	EndGlobalSection
	GlobalSection(SolutionProperties) = preSolution
		HideSolutionNode = FALSE
	EndGlobalSection
	GlobalSection(MonoDevelopProperties) = preSolution
		StartupItem = Assembly-CSharp.csproj
	EndGlobalSection
EndGlobal
